
Microsoft Visual Studio Solution File, Format Version 12.00
# Visual Studio Version 17
VisualStudioVersion = 17.7.34202.233
MinimumVisualStudioVersion = 10.0.40219.1
Project("{FAE04EC0-301F-11D3-BF4B-00C04F79EFBC}") = "Automatyzation2", "Automatyzation2\Automatyzation2.csproj", "{CAEA1280-25D3-466B-B533-577B787C8ADD}"
EndProject
Project("{FAE04EC0-301F-11D3-BF4B-00C04F79EFBC}") = "RobotFormsLib", "RobotFormsLib\RobotFormsLib.csproj", "{234A35C7-6509-4C1F-B3E3-E544D232E3B7}"
EndProject
Global
	GlobalSection(SolutionConfigurationPlatforms) = preSolution
		Debug|Any CPU = Debug|Any CPU
		Release|Any CPU = Release|Any CPU
	EndGlobalSection
	GlobalSection(ProjectConfigurationPlatforms) = postSolution
		{CAEA1280-25D3-466B-B533-577B787C8ADD}.Debug|Any CPU.ActiveCfg = Debug|Any CPU
		{CAEA1280-25D3-466B-B533-577B787C8ADD}.Debug|Any CPU.Build.0 = Debug|Any CPU
		{CAEA1280-25D3-466B-B533-577B787C8ADD}.Release|Any CPU.ActiveCfg = Release|Any CPU
		{CAEA1280-25D3-466B-B533-577B787C8ADD}.Release|Any CPU.Build.0 = Release|Any CPU
		{234A35C7-6509-4C1F-B3E3-E544D232E3B7}.Debug|Any CPU.ActiveCfg = Debug|Any CPU
		{234A35C7-6509-4C1F-B3E3-E544D232E3B7}.Debug|Any CPU.Build.0 = Debug|Any CPU
		{234A35C7-6509-4C1F-B3E3-E544D232E3B7}.Release|Any CPU.ActiveCfg = Release|Any CPU
		{234A35C7-6509-4C1F-B3E3-E544D232E3B7}.Release|Any CPU.Build.0 = Release|Any CPU
	EndGlobalSection
	GlobalSection(SolutionProperties) = preSolution
		HideSolutionNode = FALSE
	EndGlobalSection
	GlobalSection(ExtensibilityGlobals) = postSolution
		SolutionGuid = {11299C3A-E4F1-48D6-AE3B-ABD4D646D1EC}
	EndGlobalSection
EndGlobal
